PODS:
  - Alamofire (3.2.0)
  - Bolts (1.7.0):
    - Bolts/AppLinks (= 1.7.0)
    - Bolts/Tasks (= 1.7.0)
  - Bolts/AppLinks (1.7.0):
    - Bolts/Tasks
  - Bolts/Tasks (1.7.0)
  - Crashlytics (3.7.0):
    - Fabric (~> 1.6.3)
  - DOFavoriteButton (0.0.4)
  - Dollar (5.0.1)
  - Eureka (1.5.0)
  - EZSwiftExtensions (1.4)
  - Fabric (1.6.7)
  - FBSDKCoreKit (4.12.0):
    - Bolts (~> 1.7)
  - FBSDKLoginKit (4.12.0):
    - FBSDKCoreKit
  - HanekeSwift (0.10.1)
  - iCarousel (1.8.2)
  - ICSPullToRefresh (0.4)
  - p2.OAuth2 (2.2.6):
    - SwiftKeychain (~> 1.0)
  - PKHUD (3.1.0)
  - SnapKit (0.15.0)
  - SwiftKeychain (1.0.0)
  - youtube-ios-player-helper (0.1.6)

DEPENDENCIES:
  - Alamofire (= 3.2.0)
  - Crashlytics
  - DOFavoriteButton (from `https://github.com/okmr-d/DOFavoriteButton.git`)
  - Dollar
  - Eureka
  - EZSwiftExtensions
  - FBSDKCoreKit
  - FBSDKLoginKit
  - HanekeSwift
  - iCarousel
  - ICSPullToRefresh
  - p2.OAuth2
  - PKHUD
  - SnapKit (~> 0.15.0)
  - youtube-ios-player-helper (~> 0.1.4)

EXTERNAL SOURCES:
  DOFavoriteButton:
    :git: https://github.com/okmr-d/DOFavoriteButton.git

CHECKOUT OPTIONS:
  DOFavoriteButton:
    :commit: a77045870c00af4dc7c1808397fdb482caf9775d
    :git: https://github.com/okmr-d/DOFavoriteButton.git

SPEC CHECKSUMS:
  Alamofire: 4da478599fccddff361205c8929333d7fe18dceb
  Bolts: a0058fa3b331c5a1e4402d534f2dae36dbff31e4
  Crashlytics: c3a2333dea9e2733d2777f730910321fc9e25c0d
  DOFavoriteButton: 866e15af173d2dd5233971a1f657a5f31d2491d5
  Dollar: 9ef817b4f35b61e982f9812a2b01ed6270978cc1
  Eureka: 2fb37bb50569c62ee3284689d5b7aca694b040e0
  EZSwiftExtensions: db7be0022fce8e92cdfe0fadddaf835fcd9696db
  Fabric: caf7580c725e64db144f610ac65cd60956911dc7
  FBSDKCoreKit: 6e56d5a2a64a755ad4efb5dbeee8f82fb1b99775
  FBSDKLoginKit: 03f68a8d48c2c8bb81d7eb8097973d483543e1f6
  HanekeSwift: 08e47d3d0f2899ec58e5d257beba0de619aca9e8
  iCarousel: 67c8a43da5a46795b56aadfc96cd36a16f6149b2
  ICSPullToRefresh: 9e6720df41f6d3e8a31e3cdd99a0b922850abe85
  p2.OAuth2: a89edc5660aca8a5349882ee9008de793bbbbcd0
  PKHUD: 4167eccdb1b3a892fd80ce2b51cb6ba412a889ab
  SnapKit: 4962eed2ee18e48cbd2b2292fffc57efe7235f87
  SwiftKeychain: fd9ad69f7b3ff7a0c7ba579da508bbaa89a395b2
  youtube-ios-player-helper: 21ab92db027c7ff86cb17a3843a3f6eafc8158d2

COCOAPODS: 0.39.0
