// !$*UTF8*$!
{
	archiveVersion = 1;
	classes = {
	};
	objectVersion = 46;
	objects = {

/* Begin PBXBuildFile section */
		AAB344A91CEFBD9F006CC849 /* AppDelegate.swift in Sources */ = {isa = PBXBuildFile; fileRef = AAB344A81CEFBD9F006CC849 /* AppDelegate.swift */; };
		AAB344AB1CEFBD9F006CC849 /* ViewController.swift in Sources */ = {isa = PBXBuildFile; fileRef = AAB344AA1CEFBD9F006CC849 /* ViewController.swift */; };
		AAB344AE1CEFBD9F006CC849 /* Main.storyboard in Resources */ = {isa = PBXBuildFile; fileRef = AAB344AC1CEFBD9F006CC849 /* Main.storyboard */; };
		AAB344B01CEFBD9F006CC849 /* Assets.xcassets in Resources */ = {isa = PBXBuildFile; fileRef = AAB344AF1CEFBD9F006CC849 /* Assets.xcassets */; };
		AAB344B31CEFBD9F006CC849 /* LaunchScreen.storyboard in Resources */ = {isa = PBXBuildFile; fileRef = AAB344B11CEFBD9F006CC849 /* LaunchScreen.storyboard */; };
		AAB344BE1CEFBD9F006CC849 /* daycationTests.swift in Sources */ = {isa = PBXBuildFile; fileRef = AAB344BD1CEFBD9F006CC849 /* daycationTests.swift */; };
		AAB344C91CEFBD9F006CC849 /* daycationUITests.swift in Sources */ = {isa = PBXBuildFile; fileRef = AAB344C81CEFBD9F006CC849 /* daycationUITests.swift */; };
/* End PBXBuildFile section */

/* Begin PBXContainerItemProxy section */
		AAB344BA1CEFBD9F006CC849 /* PBXContainerItemProxy */ = {
			isa = PBXContainerItemProxy;
			containerPortal = AAB3449D1CEFBD9F006CC849 /* Project object */;
			proxyType = 1;
			remoteGlobalIDString = AAB344A41CEFBD9F006CC849;
			remoteInfo = daycation;
		};
		AAB344C51CEFBD9F006CC849 /* PBXContainerItemProxy */ = {
			isa = PBXContainerItemProxy;
			containerPortal = AAB3449D1CEFBD9F006CC849 /* Project object */;
			proxyType = 1;
			remoteGlobalIDString = AAB344A41CEFBD9F006CC849;
			remoteInfo = daycation;
		};
/* End PBXContainerItemProxy section */

/* Begin PBXFileReference section */
		AAB344A51CEFBD9F006CC849 /* daycation.app */ = {isa = PBXFileReference; explicitFileType = wrapper.application; includeInIndex = 0; path = daycation.app; sourceTree = BUILT_PRODUCTS_DIR; };
		AAB344A81CEFBD9F006CC849 /* AppDelegate.swift */ = {isa = PBXFileReference; lastKnownFileType = sourcecode.swift; path = AppDelegate.swift; sourceTree = "<group>"; };
		AAB344AA1CEFBD9F006CC849 /* ViewController.swift */ = {isa = PBXFileReference; lastKnownFileType = sourcecode.swift; path = ViewController.swift; sourceTree = "<group>"; };
		AAB344AD1CEFBD9F006CC849 /* Base */ = {isa = PBXFileReference; lastKnownFileType = file.storyboard; name = Base; path = Base.lproj/Main.storyboard; sourceTree = "<group>"; };
		AAB344AF1CEFBD9F006CC849 /* Assets.xcassets */ = {isa = PBXFileReference; lastKnownFileType = folder.assetcatalog; path = Assets.xcassets; sourceTree = "<group>"; };
		AAB344B21CEFBD9F006CC849 /* Base */ = {isa = PBXFileReference; lastKnownFileType = file.storyboard; name = Base; path = Base.lproj/LaunchScreen.storyboard; sourceTree = "<group>"; };
		AAB344B41CEFBD9F006CC849 /* Info.plist */ = {isa = PBXFileReference; lastKnownFileType = text.plist.xml; path = Info.plist; sourceTree = "<group>"; };
		AAB344B91CEFBD9F006CC849 /* daycationTests.xctest */ = {isa = PBXFileReference; explicitFileType = wrapper.cfbundle; includeInIndex = 0; path = daycationTests.xctest; sourceTree = BUILT_PRODUCTS_DIR; };
		AAB344BD1CEFBD9F006CC849 /* daycationTests.swift */ = {isa = PBXFileReference; lastKnownFileType = sourcecode.swift; path = daycationTests.swift; sourceTree = "<group>"; };
		AAB344BF1CEFBD9F006CC849 /* Info.plist */ = {isa = PBXFileReference; lastKnownFileType = text.plist.xml; path = Info.plist; sourceTree = "<group>"; };
		AAB344C41CEFBD9F006CC849 /* daycationUITests.xctest */ = {isa = PBXFileReference; explicitFileType = wrapper.cfbundle; includeInIndex = 0; path = daycationUITests.xctest; sourceTree = BUILT_PRODUCTS_DIR; };
		AAB344C81CEFBD9F006CC849 /* daycationUITests.swift */ = {isa = PBXFileReference; lastKnownFileType = sourcecode.swift; path = daycationUITests.swift; sourceTree = "<group>"; };
		AAB344CA1CEFBD9F006CC849 /* Info.plist */ = {isa = PBXFileReference; lastKnownFileType = text.plist.xml; path = Info.plist; sourceTree = "<group>"; };
/* End PBXFileReference section */

/* Begin PBXFrameworksBuildPhase section */
		AAB344A21CEFBD9F006CC849 /* Frameworks */ = {
			isa = PBXFrameworksBuildPhase;
			buildActionMask = 2147483647;
			files = (
			);
			runOnlyForDeploymentPostprocessing = 0;
		};
		AAB344B61CEFBD9F006CC849 /* Frameworks */ = {
			isa = PBXFrameworksBuildPhase;
			buildActionMask = 2147483647;
			files = (
			);
			runOnlyForDeploymentPostprocessing = 0;
		};
		AAB344C11CEFBD9F006CC849 /* Frameworks */ = {
			isa = PBXFrameworksBuildPhase;
			buildActionMask = 2147483647;
			files = (
			);
			runOnlyForDeploymentPostprocessing = 0;
		};
/* End PBXFrameworksBuildPhase section */

/* Begin PBXGroup section */
		AAB3449C1CEFBD9F006CC849 = {
			isa = PBXGroup;
			children = (
				AAB344A71CEFBD9F006CC849 /* daycation */,
				AAB344BC1CEFBD9F006CC849 /* daycationTests */,
				AAB344C71CEFBD9F006CC849 /* daycationUITests */,
				AAB344A61CEFBD9F006CC849 /* Products */,
			);
			sourceTree = "<group>";
		};
		AAB344A61CEFBD9F006CC849 /* Products */ = {
			isa = PBXGroup;
			children = (
				AAB344A51CEFBD9F006CC849 /* daycation.app */,
				AAB344B91CEFBD9F006CC849 /* daycationTests.xctest */,
				AAB344C41CEFBD9F006CC849 /* daycationUITests.xctest */,
			);
			name = Products;
			sourceTree = "<group>";
		};
		AAB344A71CEFBD9F006CC849 /* daycation */ = {
			isa = PBXGroup;
			children = (
				AAB344A81CEFBD9F006CC849 /* AppDelegate.swift */,
				AAB344AA1CEFBD9F006CC849 /* ViewController.swift */,
				AAB344AC1CEFBD9F006CC849 /* Main.storyboard */,
				AAB344AF1CEFBD9F006CC849 /* Assets.xcassets */,
				AAB344B11CEFBD9F006CC849 /* LaunchScreen.storyboard */,
				AAB344B41CEFBD9F006CC849 /* Info.plist */,
			);
			path = daycation;
			sourceTree = "<group>";
		};
		AAB344BC1CEFBD9F006CC849 /* daycationTests */ = {
			isa = PBXGroup;
			children = (
				AAB344BD1CEFBD9F006CC849 /* daycationTests.swift */,
				AAB344BF1CEFBD9F006CC849 /* Info.plist */,
			);
			path = daycationTests;
			sourceTree = "<group>";
		};
		AAB344C71CEFBD9F006CC849 /* daycationUITests */ = {
			isa = PBXGroup;
			children = (
				AAB344C81CEFBD9F006CC849 /* daycationUITests.swift */,
				AAB344CA1CEFBD9F006CC849 /* Info.plist */,
			);
			path = daycationUITests;
			sourceTree = "<group>";
		};
/* End PBXGroup section */

/* Begin PBXNativeTarget section */
		AAB344A41CEFBD9F006CC849 /* daycation */ = {
			isa = PBXNativeTarget;
			buildConfigurationList = AAB344CD1CEFBD9F006CC849 /* Build configuration list for PBXNativeTarget "daycation" */;
			buildPhases = (
				AAB344A11CEFBD9F006CC849 /* Sources */,
				AAB344A21CEFBD9F006CC849 /* Frameworks */,
				AAB344A31CEFBD9F006CC849 /* Resources */,
			);
			buildRules = (
			);
			dependencies = (
			);
			name = daycation;
			productName = daycation;
			productReference = AAB344A51CEFBD9F006CC849 /* daycation.app */;
			productType = "com.apple.product-type.application";
		};
		AAB344B81CEFBD9F006CC849 /* daycationTests */ = {
			isa = PBXNativeTarget;
			buildConfigurationList = AAB344D01CEFBD9F006CC849 /* Build configuration list for PBXNativeTarget "daycationTests" */;
			buildPhases = (
				AAB344B51CEFBD9F006CC849 /* Sources */,
				AAB344B61CEFBD9F006CC849 /* Frameworks */,
				AAB344B71CEFBD9F006CC849 /* Resources */,
			);
			buildRules = (
			);
			dependencies = (
				AAB344BB1CEFBD9F006CC849 /* PBXTargetDependency */,
			);
			name = daycationTests;
			productName = daycationTests;
			productReference = AAB344B91CEFBD9F006CC849 /* daycationTests.xctest */;
			productType = "com.apple.product-type.bundle.unit-test";
		};
		AAB344C31CEFBD9F006CC849 /* daycationUITests */ = {
			isa = PBXNativeTarget;
			buildConfigurationList = AAB344D31CEFBD9F006CC849 /* Build configuration list for PBXNativeTarget "daycationUITests" */;
			buildPhases = (
				AAB344C01CEFBD9F006CC849 /* Sources */,
				AAB344C11CEFBD9F006CC849 /* Frameworks */,
				AAB344C21CEFBD9F006CC849 /* Resources */,
			);
			buildRules = (
			);
			dependencies = (
				AAB344C61CEFBD9F006CC849 /* PBXTargetDependency */,
			);
			name = daycationUITests;
			productName = daycationUITests;
			productReference = AAB344C41CEFBD9F006CC849 /* daycationUITests.xctest */;
			productType = "com.apple.product-type.bundle.ui-testing";
		};
/* End PBXNativeTarget section */

/* Begin PBXProject section */
		AAB3449D1CEFBD9F006CC849 /* Project object */ = {
			isa = PBXProject;
			attributes = {
				LastSwiftUpdateCheck = 0730;
				LastUpgradeCheck = 0730;
				ORGANIZATIONNAME = "Trailhead Labs";
				TargetAttributes = {
					AAB344A41CEFBD9F006CC849 = {
						CreatedOnToolsVersion = 7.3;
					};
					AAB344B81CEFBD9F006CC849 = {
						CreatedOnToolsVersion = 7.3;
						TestTargetID = AAB344A41CEFBD9F006CC849;
					};
					AAB344C31CEFBD9F006CC849 = {
						CreatedOnToolsVersion = 7.3;
						TestTargetID = AAB344A41CEFBD9F006CC849;
					};
				};
			};
			buildConfigurationList = AAB344A01CEFBD9F006CC849 /* Build configuration list for PBXProject "daycation" */;
			compatibilityVersion = "Xcode 3.2";
			developmentRegion = English;
			hasScannedForEncodings = 0;
			knownRegions = (
				en,
				Base,
			);
			mainGroup = AAB3449C1CEFBD9F006CC849;
			productRefGroup = AAB344A61CEFBD9F006CC849 /* Products */;
			projectDirPath = "";
			projectRoot = "";
			targets = (
				AAB344A41CEFBD9F006CC849 /* daycation */,
				AAB344B81CEFBD9F006CC849 /* daycationTests */,
				AAB344C31CEFBD9F006CC849 /* daycationUITests */,
			);
		};
/* End PBXProject section */

/* Begin PBXResourcesBuildPhase section */
		AAB344A31CEFBD9F006CC849 /* Resources */ = {
			isa = PBXResourcesBuildPhase;
			buildActionMask = 2147483647;
			files = (
				AAB344B31CEFBD9F006CC849 /* LaunchScreen.storyboard in Resources */,
				AAB344B01CEFBD9F006CC849 /* Assets.xcassets in Resources */,
				AAB344AE1CEFBD9F006CC849 /* Main.storyboard in Resources */,
			);
			runOnlyForDeploymentPostprocessing = 0;
		};
		AAB344B71CEFBD9F006CC849 /* Resources */ = {
			isa = PBXResourcesBuildPhase;
			buildActionMask = 2147483647;
			files = (
			);
			runOnlyForDeploymentPostprocessing = 0;
		};
		AAB344C21CEFBD9F006CC849 /* Resources */ = {
			isa = PBXResourcesBuildPhase;
			buildActionMask = 2147483647;
			files = (
			);
			runOnlyForDeploymentPostprocessing = 0;
		};
/* End PBXResourcesBuildPhase section */

/* Begin PBXSourcesBuildPhase section */
		AAB344A11CEFBD9F006CC849 /* Sources */ = {
			isa = PBXSourcesBuildPhase;
			buildActionMask = 2147483647;
			files = (
				AAB344AB1CEFBD9F006CC849 /* ViewController.swift in Sources */,
				AAB344A91CEFBD9F006CC849 /* AppDelegate.swift in Sources */,
			);
			runOnlyForDeploymentPostprocessing = 0;
		};
		AAB344B51CEFBD9F006CC849 /* Sources */ = {
			isa = PBXSourcesBuildPhase;
			buildActionMask = 2147483647;
			files = (
				AAB344BE1CEFBD9F006CC849 /* daycationTests.swift in Sources */,
			);
			runOnlyForDeploymentPostprocessing = 0;
		};
		AAB344C01CEFBD9F006CC849 /* Sources */ = {
			isa = PBXSourcesBuildPhase;
			buildActionMask = 2147483647;
			files = (
				AAB344C91CEFBD9F006CC849 /* daycationUITests.swift in Sources */,
			);
			runOnlyForDeploymentPostprocessing = 0;
		};
/* End PBXSourcesBuildPhase section */

/* Begin PBXTargetDependency section */
		AAB344BB1CEFBD9F006CC849 /* PBXTargetDependency */ = {
			isa = PBXTargetDependency;
			target = AAB344A41CEFBD9F006CC849 /* daycation */;
			targetProxy = AAB344BA1CEFBD9F006CC849 /* PBXContainerItemProxy */;
		};
		AAB344C61CEFBD9F006CC849 /* PBXTargetDependency */ = {
			isa = PBXTargetDependency;
			target = AAB344A41CEFBD9F006CC849 /* daycation */;
			targetProxy = AAB344C51CEFBD9F006CC849 /* PBXContainerItemProxy */;
		};
/* End PBXTargetDependency section */

/* Begin PBXVariantGroup section */
		AAB344AC1CEFBD9F006CC849 /* Main.storyboard */ = {
			isa = PBXVariantGroup;
			children = (
				AAB344AD1CEFBD9F006CC849 /* Base */,
			);
			name = Main.storyboard;
			sourceTree = "<group>";
		};
		AAB344B11CEFBD9F006CC849 /* LaunchScreen.storyboard */ = {
			isa = PBXVariantGroup;
			children = (
				AAB344B21CEFBD9F006CC849 /* Base */,
			);
			name = LaunchScreen.storyboard;
			sourceTree = "<group>";
		};
/* End PBXVariantGroup section */

/* Begin XCBuildConfiguration section */
		AAB344CB1CEFBD9F006CC849 /* Debug */ = {
			isa = XCBuildConfiguration;
			buildSettings = {
				ALWAYS_SEARCH_USER_PATHS = NO;
				CLANG_ANALYZER_NONNULL = YES;
				CLANG_CXX_LANGUAGE_STANDARD = "gnu++0x";
				CLANG_CXX_LIBRARY = "libc++";
				CLANG_ENABLE_MODULES = YES;
				CLANG_ENABLE_OBJC_ARC = YES;
				CLANG_WARN_BOOL_CONVERSION = YES;
				CLANG_WARN_CONSTANT_CONVERSION = YES;
				CLANG_WARN_DIRECT_OBJC_ISA_USAGE = YES_ERROR;
				CLANG_WARN_EMPTY_BODY = YES;
				CLANG_WARN_ENUM_CONVERSION = YES;
				CLANG_WARN_INT_CONVERSION = YES;
				CLANG_WARN_OBJC_ROOT_CLASS = YES_ERROR;
				CLANG_WARN_UNREACHABLE_CODE = YES;
				CLANG_WARN__DUPLICATE_METHOD_MATCH = YES;
				"CODE_SIGN_IDENTITY[sdk=iphoneos*]" = "iPhone Developer";
				COPY_PHASE_STRIP = NO;
				DEBUG_INFORMATION_FORMAT = dwarf;
				ENABLE_STRICT_OBJC_MSGSEND = YES;
				ENABLE_TESTABILITY = YES;
				GCC_C_LANGUAGE_STANDARD = gnu99;
				GCC_DYNAMIC_NO_PIC = NO;
				GCC_NO_COMMON_BLOCKS = YES;
				GCC_OPTIMIZATION_LEVEL = 0;
				GCC_PREPROCESSOR_DEFINITIONS = (
					"DEBUG=1",
					"$(inherited)",
				);
				GCC_WARN_64_TO_32_BIT_CONVERSION = YES;
				GCC_WARN_ABOUT_RETURN_TYPE = YES_ERROR;
				GCC_WARN_UNDECLARED_SELECTOR = YES;
				GCC_WARN_UNINITIALIZED_AUTOS = YES_AGGRESSIVE;
				GCC_WARN_UNUSED_FUNCTION = YES;
				GCC_WARN_UNUSED_VARIABLE = YES;
				IPHONEOS_DEPLOYMENT_TARGET = 9.3;
				MTL_ENABLE_DEBUG_INFO = YES;
				ONLY_ACTIVE_ARCH = YES;
				SDKROOT = iphoneos;
				SWIFT_OPTIMIZATION_LEVEL = "-Onone";
				TARGETED_DEVICE_FAMILY = "1,2";
			};
			name = Debug;
		};
		AAB344CC1CEFBD9F006CC849 /* Release */ = {
			isa = XCBuildConfiguration;
			buildSettings = {
				ALWAYS_SEARCH_USER_PATHS = NO;
				CLANG_ANALYZER_NONNULL = YES;
				CLANG_CXX_LANGUAGE_STANDARD = "gnu++0x";
				CLANG_CXX_LIBRARY = "libc++";
				CLANG_ENABLE_MODULES = YES;
				CLANG_ENABLE_OBJC_ARC = YES;
				CLANG_WARN_BOOL_CONVERSION = YES;
				CLANG_WARN_CONSTANT_CONVERSION = YES;
				CLANG_WARN_DIRECT_OBJC_ISA_USAGE = YES_ERROR;
				CLANG_WARN_EMPTY_BODY = YES;
				CLANG_WARN_ENUM_CONVERSION = YES;
				CLANG_WARN_INT_CONVERSION = YES;
				CLANG_WARN_OBJC_ROOT_CLASS = YES_ERROR;
				CLANG_WARN_UNREACHABLE_CODE = YES;
				CLANG_WARN__DUPLICATE_METHOD_MATCH = YES;
				"CODE_SIGN_IDENTITY[sdk=iphoneos*]" = "iPhone Developer";
				COPY_PHASE_STRIP = NO;
				DEBUG_INFORMATION_FORMAT = "dwarf-with-dsym";
				ENABLE_NS_ASSERTIONS = NO;
				ENABLE_STRICT_OBJC_MSGSEND = YES;
				GCC_C_LANGUAGE_STANDARD = gnu99;
				GCC_NO_COMMON_BLOCKS = YES;
				GCC_WARN_64_TO_32_BIT_CONVERSION = YES;
				GCC_WARN_ABOUT_RETURN_TYPE = YES_ERROR;
				GCC_WARN_UNDECLARED_SELECTOR = YES;
				GCC_WARN_UNINITIALIZED_AUTOS = YES_AGGRESSIVE;
				GCC_WARN_UNUSED_FUNCTION = YES;
				GCC_WARN_UNUSED_VARIABLE = YES;
				IPHONEOS_DEPLOYMENT_TARGET = 9.3;
				MTL_ENABLE_DEBUG_INFO = NO;
				SDKROOT = iphoneos;
				TARGETED_DEVICE_FAMILY = "1,2";
				VALIDATE_PRODUCT = YES;
			};
			name = Release;
		};
		AAB344CE1CEFBD9F006CC849 /* Debug */ = {
			isa = XCBuildConfiguration;
			buildSettings = {
				ASSETCATALOG_COMPILER_APPICON_NAME = AppIcon;
				INFOPLIST_FILE = daycation/Info.plist;
				LD_RUNPATH_SEARCH_PATHS = "$(inherited) @executable_path/Frameworks";
				PRODUCT_BUNDLE_IDENTIFIER = com.trailheadlabs.daycation.daycation;
				PRODUCT_NAME = "$(TARGET_NAME)";
			};
			name = Debug;
		};
		AAB344CF1CEFBD9F006CC849 /* Release */ = {
			isa = XCBuildConfiguration;
			buildSettings = {
				ASSETCATALOG_COMPILER_APPICON_NAME = AppIcon;
				INFOPLIST_FILE = daycation/Info.plist;
				LD_RUNPATH_SEARCH_PATHS = "$(inherited) @executable_path/Frameworks";
				PRODUCT_BUNDLE_IDENTIFIER = com.trailheadlabs.daycation.daycation;
				PRODUCT_NAME = "$(TARGET_NAME)";
			};
			name = Release;
		};
		AAB344D11CEFBD9F006CC849 /* Debug */ = {
			isa = XCBuildConfiguration;
			buildSettings = {
				BUNDLE_LOADER = "$(TEST_HOST)";
				INFOPLIST_FILE = daycationTests/Info.plist;
				LD_RUNPATH_SEARCH_PATHS = "$(inherited) @executable_path/Frameworks @loader_path/Frameworks";
				PRODUCT_BUNDLE_IDENTIFIER = com.trailheadlabs.daycation.daycationTests;
				PRODUCT_NAME = "$(TARGET_NAME)";
				TEST_HOST = "$(BUILT_PRODUCTS_DIR)/daycation.app/daycation";
			};
			name = Debug;
		};
		AAB344D21CEFBD9F006CC849 /* Release */ = {
			isa = XCBuildConfiguration;
			buildSettings = {
				BUNDLE_LOADER = "$(TEST_HOST)";
				INFOPLIST_FILE = daycationTests/Info.plist;
				LD_RUNPATH_SEARCH_PATHS = "$(inherited) @executable_path/Frameworks @loader_path/Frameworks";
				PRODUCT_BUNDLE_IDENTIFIER = com.trailheadlabs.daycation.daycationTests;
				PRODUCT_NAME = "$(TARGET_NAME)";
				TEST_HOST = "$(BUILT_PRODUCTS_DIR)/daycation.app/daycation";
			};
			name = Release;
		};
		AAB344D41CEFBD9F006CC849 /* Debug */ = {
			isa = XCBuildConfiguration;
			buildSettings = {
				INFOPLIST_FILE = daycationUITests/Info.plist;
				LD_RUNPATH_SEARCH_PATHS = "$(inherited) @executable_path/Frameworks @loader_path/Frameworks";
				PRODUCT_BUNDLE_IDENTIFIER = com.trailheadlabs.daycation.daycationUITests;
				PRODUCT_NAME = "$(TARGET_NAME)";
				TEST_TARGET_NAME = daycation;
			};
			name = Debug;
		};
		AAB344D51CEFBD9F006CC849 /* Release */ = {
			isa = XCBuildConfiguration;
			buildSettings = {
				INFOPLIST_FILE = daycationUITests/Info.plist;
				LD_RUNPATH_SEARCH_PATHS = "$(inherited) @executable_path/Frameworks @loader_path/Frameworks";
				PRODUCT_BUNDLE_IDENTIFIER = com.trailheadlabs.daycation.daycationUITests;
				PRODUCT_NAME = "$(TARGET_NAME)";
				TEST_TARGET_NAME = daycation;
			};
			name = Release;
		};
/* End XCBuildConfiguration section */

/* Begin XCConfigurationList section */
		AAB344A01CEFBD9F006CC849 /* Build configuration list for PBXProject "daycation" */ = {
			isa = XCConfigurationList;
			buildConfigurations = (
				AAB344CB1CEFBD9F006CC849 /* Debug */,
				AAB344CC1CEFBD9F006CC849 /* Release */,
			);
			defaultConfigurationIsVisible = 0;
			defaultConfigurationName = Release;
		};
		AAB344CD1CEFBD9F006CC849 /* Build configuration list for PBXNativeTarget "daycation" */ = {
			isa = XCConfigurationList;
			buildConfigurations = (
				AAB344CE1CEFBD9F006CC849 /* Debug */,
				AAB344CF1CEFBD9F006CC849 /* Release */,
			);
			defaultConfigurationIsVisible = 0;
		};
		AAB344D01CEFBD9F006CC849 /* Build configuration list for PBXNativeTarget "daycationTests" */ = {
			isa = XCConfigurationList;
			buildConfigurations = (
				AAB344D11CEFBD9F006CC849 /* Debug */,
				AAB344D21CEFBD9F006CC849 /* Release */,
			);
			defaultConfigurationIsVisible = 0;
		};
		AAB344D31CEFBD9F006CC849 /* Build configuration list for PBXNativeTarget "daycationUITests" */ = {
			isa = XCConfigurationList;
			buildConfigurations = (
				AAB344D41CEFBD9F006CC849 /* Debug */,
				AAB344D51CEFBD9F006CC849 /* Release */,
			);
			defaultConfigurationIsVisible = 0;
		};
/* End XCConfigurationList section */
	};
	rootObject = AAB3449D1CEFBD9F006CC849 /* Project object */;
}
